# This file is automatically @generated by Cargo.
# It is not intended for manual editing.
[[package]]
name = "anyhow"
version = "1.0.36"
source = "registry+https://github.com/rust-lang/crates.io-index"
checksum = "68803225a7b13e47191bab76f2687382b60d259e8cf37f6e1893658b84bb9479"

[[package]]
name = "async-trait"
version = "0.1.42"
source = "registry+https://github.com/rust-lang/crates.io-index"
checksum = "8d3a45e77e34375a7923b1e8febb049bb011f064714a8e17a1a616fef01da13d"
dependencies = [
 "proc-macro2",
 "quote",
 "syn",
]

[[package]]
name = "autocfg"
version = "1.0.1"
source = "registry+https://github.com/rust-lang/crates.io-index"
checksum = "cdb031dd78e28731d87d56cc8ffef4a8f36ca26c38fe2de700543e627f8a464a"

[[package]]
name = "dtoa"
version = "0.4.7"
source = "registry+https://github.com/rust-lang/crates.io-index"
checksum = "88d7ed2934d741c6b37e33e3832298e8850b53fd2d2bea03873375596c7cea4e"

[[package]]
name = "enum_dispatch"
version = "0.3.4"
source = "registry+https://github.com/rust-lang/crates.io-index"
checksum = "15b748aeb1b8c58d317739aa3171a2752ca3e76b8077c13dc748f327aebc0a72"
dependencies = [
 "once_cell",
 "proc-macro2",
 "quote",
 "syn",
]

[[package]]
name = "futures"
version = "0.3.8"
source = "registry+https://github.com/rust-lang/crates.io-index"
checksum = "9b3b0c040a1fe6529d30b3c5944b280c7f0dcb2930d2c3062bca967b602583d0"
dependencies = [
 "futures-channel",
 "futures-core",
 "futures-executor",
 "futures-io",
 "futures-sink",
 "futures-task",
 "futures-util",
]

[[package]]
name = "futures-channel"
version = "0.3.8"
source = "registry+https://github.com/rust-lang/crates.io-index"
checksum = "4b7109687aa4e177ef6fe84553af6280ef2778bdb7783ba44c9dc3399110fe64"
dependencies = [
 "futures-core",
 "futures-sink",
]

[[package]]
name = "futures-core"
version = "0.3.8"
source = "registry+https://github.com/rust-lang/crates.io-index"
checksum = "847ce131b72ffb13b6109a221da9ad97a64cbe48feb1028356b836b47b8f1748"

[[package]]
name = "futures-executor"
version = "0.3.8"
source = "registry+https://github.com/rust-lang/crates.io-index"
checksum = "4caa2b2b68b880003057c1dd49f1ed937e38f22fcf6c212188a121f08cf40a65"
dependencies = [
 "futures-core",
 "futures-task",
 "futures-util",
]

[[package]]
name = "futures-io"
version = "0.3.8"
source = "registry+https://github.com/rust-lang/crates.io-index"
checksum = "611834ce18aaa1bd13c4b374f5d653e1027cf99b6b502584ff8c9a64413b30bb"

[[package]]
name = "futures-macro"
version = "0.3.8"
source = "registry+https://github.com/rust-lang/crates.io-index"
checksum = "77408a692f1f97bcc61dc001d752e00643408fbc922e4d634c655df50d595556"
dependencies = [
 "proc-macro-hack",
 "proc-macro2",
 "quote",
 "syn",
]

[[package]]
name = "futures-sink"
version = "0.3.8"
source = "registry+https://github.com/rust-lang/crates.io-index"
checksum = "f878195a49cee50e006b02b93cf7e0a95a38ac7b776b4c4d9cc1207cd20fcb3d"

[[package]]
name = "futures-task"
version = "0.3.8"
source = "registry+https://github.com/rust-lang/crates.io-index"
checksum = "7c554eb5bf48b2426c4771ab68c6b14468b6e76cc90996f528c3338d761a4d0d"
dependencies = [
 "once_cell",
]

[[package]]
name = "futures-util"
version = "0.3.8"
source = "registry+https://github.com/rust-lang/crates.io-index"
checksum = "d304cff4a7b99cfb7986f7d43fbe93d175e72e704a8860787cc95e9ffd85cbd2"
dependencies = [
 "futures-channel",
 "futures-core",
 "futures-io",
 "futures-macro",
 "futures-sink",
 "futures-task",
 "memchr",
 "pin-project",
 "pin-utils",
 "proc-macro-hack",
 "proc-macro-nested",
 "slab",
]

[[package]]
name = "git-version"
version = "0.3.4"
source = "registry+https://github.com/rust-lang/crates.io-index"
checksum = "94918e83f1e01dedc2e361d00ce9487b14c58c7f40bab148026fa39d42cb41e2"
dependencies = [
 "git-version-macro",
 "proc-macro-hack",
]

[[package]]
name = "git-version-macro"
version = "0.3.4"
source = "registry+https://github.com/rust-lang/crates.io-index"
checksum = "34a97a52fdee1870a34fa6e4b77570cba531b27d1838874fef4429a791a3d657"
dependencies = [
 "proc-macro-hack",
 "proc-macro2",
 "quote",
 "syn",
]

[[package]]
name = "godunov-core"
version = "0.1.0"
source = "git+https://github.com/clemson-cal/godunov-core#4e5e67f3620a550fa1911437d70fb89fd6b00cd3"
dependencies = [
 "async-trait",
 "ndarray",
 "num",
 "serde",
]

[[package]]
name = "half"
version = "1.6.0"
source = "registry+https://github.com/rust-lang/crates.io-index"
checksum = "d36fab90f82edc3c747f9d438e06cf0a491055896f2a279638bb5beed6c40177"

[[package]]
name = "hermit-abi"
version = "0.1.17"
source = "registry+https://github.com/rust-lang/crates.io-index"
checksum = "5aca5565f760fb5b220e499d72710ed156fdb74e631659e99377d9ebfbd13ae8"
dependencies = [
 "libc",
]

[[package]]
name = "hydro-srhd"
version = "0.1.0"
source = "git+https://github.com/clemson-cal/hydro-srhd#e15d07ec8e23ff896add1178e6e2d1cc4b5199be"
dependencies = [
 "serde",
]

[[package]]
name = "kilonova"
version = "0.1.0"
dependencies = [
 "anyhow",
 "async-trait",
 "enum_dispatch",
 "futures",
 "git-version",
 "godunov-core",
 "hydro-srhd",
 "ndarray",
 "ndarray-ops",
 "num",
 "num_cpus",
 "serde",
 "serde_cbor",
 "serde_yaml",
 "snap",
 "tokio",
]

[[package]]
name = "libc"
version = "0.2.81"
source = "registry+https://github.com/rust-lang/crates.io-index"
checksum = "1482821306169ec4d07f6aca392a4681f66c75c9918aa49641a2595db64053cb"

[[package]]
name = "linked-hash-map"
version = "0.5.3"
source = "registry+https://github.com/rust-lang/crates.io-index"
checksum = "8dd5a6d5999d9907cda8ed67bbd137d3af8085216c2ac62de5be860bd41f304a"

[[package]]
name = "matrixmultiply"
version = "0.2.4"
source = "registry+https://github.com/rust-lang/crates.io-index"
checksum = "916806ba0031cd542105d916a97c8572e1fa6dd79c9c51e7eb43a09ec2dd84c1"
dependencies = [
 "rawpointer",
]

[[package]]
name = "memchr"
version = "2.3.4"
source = "registry+https://github.com/rust-lang/crates.io-index"
checksum = "0ee1c47aaa256ecabcaea351eae4a9b01ef39ed810004e298d2511ed284b1525"

[[package]]
name = "ndarray"
version = "0.14.0"
source = "registry+https://github.com/rust-lang/crates.io-index"
checksum = "6c0d5c9540a691d153064dc47a4db2504587a75eae07bf1d73f7a596ebc73c04"
dependencies = [
 "matrixmultiply",
 "num-complex",
 "num-integer",
 "num-traits",
 "rawpointer",
 "serde",
]

[[package]]
name = "ndarray-ops"
version = "0.1.0"
source = "git+https://github.com/clemson-cal/ndarray-ops#725bc21610a040bd305ea32c9cd4700469edbdb7"
dependencies = [
 "ndarray",
]

[[package]]
name = "num"
version = "0.3.1"
source = "registry+https://github.com/rust-lang/crates.io-index"
checksum = "8b7a8e9be5e039e2ff869df49155f1c06bd01ade2117ec783e56ab0932b67a8f"
dependencies = [
 "num-bigint",
 "num-complex",
 "num-integer",
 "num-iter",
 "num-rational",
 "num-traits",
]

[[package]]
name = "num-bigint"
version = "0.3.1"
source = "registry+https://github.com/rust-lang/crates.io-index"
checksum = "5e9a41747ae4633fce5adffb4d2e81ffc5e89593cb19917f8fb2cc5ff76507bf"
dependencies = [
 "autocfg",
 "num-integer",
 "num-traits",
 "serde",
]

[[package]]
name = "num-complex"
version = "0.3.1"
source = "registry+https://github.com/rust-lang/crates.io-index"
checksum = "747d632c0c558b87dbabbe6a82f3b4ae03720d0646ac5b7b4dae89394be5f2c5"
dependencies = [
 "num-traits",
 "serde",
]

[[package]]
name = "num-integer"
version = "0.1.44"
source = "registry+https://github.com/rust-lang/crates.io-index"
checksum = "d2cc698a63b549a70bc047073d2949cce27cd1c7b0a4a862d08a8031bc2801db"
dependencies = [
 "autocfg",
 "num-traits",
]

[[package]]
name = "num-iter"
version = "0.1.42"
source = "registry+https://github.com/rust-lang/crates.io-index"
checksum = "b2021c8337a54d21aca0d59a92577a029af9431cb59b909b03252b9c164fad59"
dependencies = [
 "autocfg",
 "num-integer",
 "num-traits",
]

[[package]]
name = "num-rational"
version = "0.3.2"
source = "registry+https://github.com/rust-lang/crates.io-index"
checksum = "12ac428b1cb17fce6f731001d307d351ec70a6d202fc2e60f7d4c5e42d8f4f07"
dependencies = [
 "autocfg",
 "num-bigint",
 "num-integer",
 "num-traits",
 "serde",
]

[[package]]
name = "num-traits"
version = "0.2.14"
source = "registry+https://github.com/rust-lang/crates.io-index"
checksum = "9a64b1ec5cda2586e284722486d802acf1f7dbdc623e2bfc57e65ca1cd099290"
dependencies = [
 "autocfg",
]

[[package]]
name = "num_cpus"
version = "1.13.0"
source = "registry+https://github.com/rust-lang/crates.io-index"
checksum = "05499f3756671c15885fee9034446956fff3f243d6077b91e5767df161f766b3"
dependencies = [
 "hermit-abi",
 "libc",
]

[[package]]
name = "once_cell"
version = "1.5.2"
source = "registry+https://github.com/rust-lang/crates.io-index"
checksum = "13bd41f508810a131401606d54ac32a467c97172d74ba7662562ebba5ad07fa0"

[[package]]
name = "pin-project"
version = "1.0.2"
source = "registry+https://github.com/rust-lang/crates.io-index"
checksum = "9ccc2237c2c489783abd8c4c80e5450fc0e98644555b1364da68cc29aa151ca7"
dependencies = [
 "pin-project-internal",
]

[[package]]
name = "pin-project-internal"
version = "1.0.2"
source = "registry+https://github.com/rust-lang/crates.io-index"
checksum = "f8e8d2bf0b23038a4424865103a4df472855692821aab4e4f5c3312d461d9e5f"
dependencies = [
 "proc-macro2",
 "quote",
 "syn",
]

[[package]]
name = "pin-project-lite"
version = "0.2.0"
source = "registry+https://github.com/rust-lang/crates.io-index"
checksum = "6b063f57ec186e6140e2b8b6921e5f1bd89c7356dda5b33acc5401203ca6131c"

[[package]]
name = "pin-utils"
version = "0.1.0"
source = "registry+https://github.com/rust-lang/crates.io-index"
checksum = "8b870d8c151b6f2fb93e84a13146138f05d02ed11c7e7c54f8826aaaf7c9f184"

[[package]]
name = "proc-macro-hack"
version = "0.5.19"
source = "registry+https://github.com/rust-lang/crates.io-index"
checksum = "dbf0c48bc1d91375ae5c3cd81e3722dff1abcf81a30960240640d223f59fe0e5"

[[package]]
name = "proc-macro-nested"
version = "0.1.6"
source = "registry+https://github.com/rust-lang/crates.io-index"
checksum = "eba180dafb9038b050a4c280019bbedf9f2467b61e5d892dcad585bb57aadc5a"

[[package]]
name = "proc-macro2"
version = "1.0.24"
source = "registry+https://github.com/rust-lang/crates.io-index"
checksum = "1e0704ee1a7e00d7bb417d0770ea303c1bccbabf0ef1667dae92b5967f5f8a71"
dependencies = [
 "unicode-xid",
]

[[package]]
name = "quote"
version = "1.0.8"
source = "registry+https://github.com/rust-lang/crates.io-index"
checksum = "991431c3519a3f36861882da93630ce66b52918dcf1b8e2fd66b397fc96f28df"
dependencies = [
 "proc-macro2",
]

[[package]]
name = "rawpointer"
version = "0.2.1"
source = "registry+https://github.com/rust-lang/crates.io-index"
checksum = "60a357793950651c4ed0f3f52338f53b2f809f32d83a07f72909fa13e4c6c1e3"

[[package]]
name = "serde"
version = "1.0.118"
source = "registry+https://github.com/rust-lang/crates.io-index"
checksum = "06c64263859d87aa2eb554587e2d23183398d617427327cf2b3d0ed8c69e4800"
dependencies = [
 "serde_derive",
]

[[package]]
name = "serde_cbor"
version = "0.11.1"
source = "registry+https://github.com/rust-lang/crates.io-index"
checksum = "1e18acfa2f90e8b735b2836ab8d538de304cbb6729a7360729ea5a895d15a622"
dependencies = [
 "half",
 "serde",
]

[[package]]
name = "serde_derive"
version = "1.0.118"
source = "registry+https://github.com/rust-lang/crates.io-index"
checksum = "c84d3526699cd55261af4b941e4e725444df67aa4f9e6a3564f18030d12672df"
dependencies = [
 "proc-macro2",
 "quote",
 "syn",
]

[[package]]
name = "serde_yaml"
version = "0.8.15"
source = "registry+https://github.com/rust-lang/crates.io-index"
checksum = "971be8f6e4d4a47163b405a3df70d14359186f9ab0f3a3ec37df144ca1ce089f"
dependencies = [
 "dtoa",
 "linked-hash-map",
 "serde",
 "yaml-rust",
]

[[package]]
name = "slab"
version = "0.4.2"
source = "registry+https://github.com/rust-lang/crates.io-index"
checksum = "c111b5bd5695e56cffe5129854aa230b39c93a305372fdbb2668ca2394eea9f8"

[[package]]
name = "snap"
version = "1.0.3"
source = "registry+https://github.com/rust-lang/crates.io-index"
checksum = "98d3306e84bf86710d6cd8b4c9c3b721d5454cc91a603180f8f8cd06cfd317b4"

[[package]]
name = "syn"
version = "1.0.55"
source = "registry+https://github.com/rust-lang/crates.io-index"
checksum = "a571a711dddd09019ccc628e1b17fe87c59b09d513c06c026877aa708334f37a"
dependencies = [
 "proc-macro2",
 "quote",
 "unicode-xid",
]

[[package]]
name = "tokio"
version = "1.0.1"
source = "registry+https://github.com/rust-lang/crates.io-index"
checksum = "d258221f566b6c803c7b4714abadc080172b272090cdc5e244a6d4dd13c3a6bd"
dependencies = [
 "autocfg",
 "num_cpus",
 "pin-project-lite",
]

[[package]]
name = "unicode-xid"
version = "0.2.1"
source = "registry+https://github.com/rust-lang/crates.io-index"
checksum = "f7fe0bb3479651439c9112f72b6c505038574c9fbb575ed1bf3b797fa39dd564"

[[package]]
name = "yaml-rust"
version = "0.4.5"
source = "registry+https://github.com/rust-lang/crates.io-index"
checksum = "56c1936c4cc7a1c9ab21a1ebb602eb942ba868cbd44a99cb7cdc5892335e1c85"
dependencies = [
 "linked-hash-map",
]
